
Microsoft Visual Studio Solution File, Format Version 12.00
# Visual Studio Version 17
VisualStudioVersion = 17.6.33815.320
MinimumVisualStudioVersion = 10.0.40219.1
Project("{FAE04EC0-301F-11D3-BF4B-00C04F79EFBC}") = "MagicVilla_VillaAPI", "MagicVilla_VillaAPI\MagicVilla_VillaAPI.csproj", "{CBB66BF9-6476-49B1-A563-D0AE9A0AB1CC}"
EndProject
Global
	GlobalSection(SolutionConfigurationPlatforms) = preSolution
		Debug|Any CPU = Debug|Any CPU
		Release|Any CPU = Release|Any CPU
	EndGlobalSection
	GlobalSection(ProjectConfigurationPlatforms) = postSolution
		{CBB66BF9-6476-49B1-A563-D0AE9A0AB1CC}.Debug|Any CPU.ActiveCfg = Debug|Any CPU
		{CBB66BF9-6476-49B1-A563-D0AE9A0AB1CC}.Debug|Any CPU.Build.0 = Debug|Any CPU
		{CBB66BF9-6476-49B1-A563-D0AE9A0AB1CC}.Release|Any CPU.ActiveCfg = Release|Any CPU
		{CBB66BF9-6476-49B1-A563-D0AE9A0AB1CC}.Release|Any CPU.Build.0 = Release|Any CPU
	EndGlobalSection
	GlobalSection(SolutionProperties) = preSolution
		HideSolutionNode = FALSE
	EndGlobalSection
	GlobalSection(ExtensibilityGlobals) = postSolution
		SolutionGuid = {EE2BEAF8-A894-46C7-9692-F6355E722216}
	EndGlobalSection
EndGlobal
